
Microsoft Visual Studio Solution File, Format Version 12.00
# Visual Studio Version 17
VisualStudioVersion = 17.10.35004.147
MinimumVisualStudioVersion = 10.0.40219.1
Project("{9A19103F-16F7-4668-BE54-9A1E7A4F7556}") = "LogAnalysis", "LogAnalysis.csproj", "{327BCEA5-F08A-45DE-B374-48FFA30AF668}"
EndProject
Global
	GlobalSection(SolutionConfigurationPlatforms) = preSolution
		Debug|Any CPU = Debug|Any CPU
		Release|Any CPU = Release|Any CPU
	EndGlobalSection
	GlobalSection(ProjectConfigurationPlatforms) = postSolution
		{327BCEA5-F08A-45DE-B374-48FFA30AF668}.Debug|Any CPU.ActiveCfg = Debug|Any CPU
		{327BCEA5-F08A-45DE-B374-48FFA30AF668}.Debug|Any CPU.Build.0 = Debug|Any CPU
		{327BCEA5-F08A-45DE-B374-48FFA30AF668}.Release|Any CPU.ActiveCfg = Release|Any CPU
		{327BCEA5-F08A-45DE-B374-48FFA30AF668}.Release|Any CPU.Build.0 = Release|Any CPU
	EndGlobalSection
	GlobalSection(SolutionProperties) = preSolution
		HideSolutionNode = FALSE
	EndGlobalSection
	GlobalSection(ExtensibilityGlobals) = postSolution
		SolutionGuid = {3799539B-9AAB-47D6-91DB-9A82FF25776D}
	EndGlobalSection
EndGlobal
